// !$*UTF8*$!
{
	archiveVersion = 1;
	classes = {
	};
	objectVersion = 46;
	objects = {

/* Begin PBXBuildFile section */
		EF1BF83C1D4963E2004C0286 /* Event Zone in Resources */ = {isa = PBXBuildFile; fileRef = EF1BF83B1D4963E2004C0286 /* Event Zone */; };
		EF1BF83E1D496414004C0286 /* CoreDataStack.swift in Sources */ = {isa = PBXBuildFile; fileRef = EF1BF83D1D496414004C0286 /* CoreDataStack.swift */; };
		EF5157681D208C7300AD9970 /* DateTime.swift in Sources */ = {isa = PBXBuildFile; fileRef = EF5157671D208C7300AD9970 /* DateTime.swift */; };
		EF5157A61D2469AA00AD9970 /* LocationSearchTable.swift in Sources */ = {isa = PBXBuildFile; fileRef = EF5157A51D2469AA00AD9970 /* LocationSearchTable.swift */; };
		EF601BE21D0E828A00413FC8 /* AppDelegate.swift in Sources */ = {isa = PBXBuildFile; fileRef = EF601BE11D0E828A00413FC8 /* AppDelegate.swift */; };
		EF601BE71D0E828A00413FC8 /* Main.storyboard in Resources */ = {isa = PBXBuildFile; fileRef = EF601BE51D0E828A00413FC8 /* Main.storyboard */; };
		EF601BE91D0E828A00413FC8 /* Assets.xcassets in Resources */ = {isa = PBXBuildFile; fileRef = EF601BE81D0E828A00413FC8 /* Assets.xcassets */; };
		EF601BEC1D0E828A00413FC8 /* LaunchScreen.storyboard in Resources */ = {isa = PBXBuildFile; fileRef = EF601BEA1D0E828A00413FC8 /* LaunchScreen.storyboard */; };
		EF601BF71D0E828A00413FC8 /* Event_ZoneTests.swift in Sources */ = {isa = PBXBuildFile; fileRef = EF601BF61D0E828A00413FC8 /* Event_ZoneTests.swift */; };
		EF601C021D0E828A00413FC8 /* Event_ZoneUITests.swift in Sources */ = {isa = PBXBuildFile; fileRef = EF601C011D0E828A00413FC8 /* Event_ZoneUITests.swift */; };
		EF9621FA1D3059A2005BF049 /* Model.xcdatamodeld in Sources */ = {isa = PBXBuildFile; fileRef = EF9621F81D3059A2005BF049 /* Model.xcdatamodeld */; };
		EFB79E241D28E0CC00805559 /* GeoLocation.swift in Sources */ = {isa = PBXBuildFile; fileRef = EFB79E231D28E0CC00805559 /* GeoLocation.swift */; };
		EFB79E261D297CD500805559 /* GoogleMapsAPI.swift in Sources */ = {isa = PBXBuildFile; fileRef = EFB79E251D297CD500805559 /* GoogleMapsAPI.swift */; };
		EFBB4E991D32DDDA0009C9FF /* Event+CoreDataProperties.swift in Sources */ = {isa = PBXBuildFile; fileRef = EFBB4E951D32DDDA0009C9FF /* Event+CoreDataProperties.swift */; };
		EFBB4E9A1D32DDDA0009C9FF /* Event.swift in Sources */ = {isa = PBXBuildFile; fileRef = EFBB4E961D32DDDA0009C9FF /* Event.swift */; };
		EFBB4E9B1D32DDDA0009C9FF /* Location+CoreDataProperties.swift in Sources */ = {isa = PBXBuildFile; fileRef = EFBB4E971D32DDDA0009C9FF /* Location+CoreDataProperties.swift */; };
		EFBB4E9C1D32DDDA0009C9FF /* Location.swift in Sources */ = {isa = PBXBuildFile; fileRef = EFBB4E981D32DDDA0009C9FF /* Location.swift */; };
		EFBB4E9E1D346B030009C9FF /* EventListTableViewController.swift in Sources */ = {isa = PBXBuildFile; fileRef = EFBB4E9D1D346B030009C9FF /* EventListTableViewController.swift */; };
		EFBB4EA01D356FC60009C9FF /* CoreDataTableViewController.swift in Sources */ = {isa = PBXBuildFile; fileRef = EFBB4E9F1D356FC60009C9FF /* CoreDataTableViewController.swift */; };
		EFBB4EA21D3705E70009C9FF /* EventListTableViewControllerCell.swift in Sources */ = {isa = PBXBuildFile; fileRef = EFBB4EA11D3705E70009C9FF /* EventListTableViewControllerCell.swift */; };
		EFE045241D1AF99F0038F048 /* EventDetailTableViewController.swift in Sources */ = {isa = PBXBuildFile; fileRef = EFE045221D1AF99F0038F048 /* EventDetailTableViewController.swift */; };
/* End PBXBuildFile section */

/* Begin PBXContainerItemProxy section */
		EF601BF31D0E828A00413FC8 /* PBXContainerItemProxy */ = {
			isa = PBXContainerItemProxy;
			containerPortal = EF601BD61D0E828A00413FC8 /* Project object */;
			proxyType = 1;
			remoteGlobalIDString = EF601BDD1D0E828A00413FC8;
			remoteInfo = "Event Zone";
		};
		EF601BFE1D0E828A00413FC8 /* PBXContainerItemProxy */ = {
			isa = PBXContainerItemProxy;
			containerPortal = EF601BD61D0E828A00413FC8 /* Project object */;
			proxyType = 1;
			remoteGlobalIDString = EF601BDD1D0E828A00413FC8;
			remoteInfo = "Event Zone";
		};
/* End PBXContainerItemProxy section */

/* Begin PBXFileReference section */
		EF1BF83B1D4963E2004C0286 /* Event Zone */ = {isa = PBXFileReference; lastKnownFileType = folder; name = "Event Zone"; sourceTree = "<group>"; };
		EF1BF83D1D496414004C0286 /* CoreDataStack.swift */ = {isa = PBXFileReference; fileEncoding = 4; lastKnownFileType = sourcecode.swift; path = CoreDataStack.swift; sourceTree = "<group>"; };
		EF5157671D208C7300AD9970 /* DateTime.swift */ = {isa = PBXFileReference; fileEncoding = 4; lastKnownFileType = sourcecode.swift; path = DateTime.swift; sourceTree = "<group>"; };
		EF5157A51D2469AA00AD9970 /* LocationSearchTable.swift */ = {isa = PBXFileReference; fileEncoding = 4; lastKnownFileType = sourcecode.swift; path = LocationSearchTable.swift; sourceTree = "<group>"; };
		EF601BDE1D0E828A00413FC8 /* Event Zone.app */ = {isa = PBXFileReference; explicitFileType = wrapper.application; includeInIndex = 0; path = "Event Zone.app"; sourceTree = BUILT_PRODUCTS_DIR; };
		EF601BE11D0E828A00413FC8 /* AppDelegate.swift */ = {isa = PBXFileReference; lastKnownFileType = sourcecode.swift; path = AppDelegate.swift; sourceTree = "<group>"; };
		EF601BE61D0E828A00413FC8 /* Base */ = {isa = PBXFileReference; lastKnownFileType = file.storyboard; name = Base; path = Base.lproj/Main.storyboard; sourceTree = "<group>"; };
		EF601BE81D0E828A00413FC8 /* Assets.xcassets */ = {isa = PBXFileReference; lastKnownFileType = folder.assetcatalog; path = Assets.xcassets; sourceTree = "<group>"; };
		EF601BEB1D0E828A00413FC8 /* Base */ = {isa = PBXFileReference; lastKnownFileType = file.storyboard; name = Base; path = Base.lproj/LaunchScreen.storyboard; sourceTree = "<group>"; };
		EF601BED1D0E828A00413FC8 /* Info.plist */ = {isa = PBXFileReference; lastKnownFileType = text.plist.xml; path = Info.plist; sourceTree = "<group>"; };
		EF601BF21D0E828A00413FC8 /* Event ZoneTests.xctest */ = {isa = PBXFileReference; explicitFileType = wrapper.cfbundle; includeInIndex = 0; path = "Event ZoneTests.xctest"; sourceTree = BUILT_PRODUCTS_DIR; };
		EF601BF61D0E828A00413FC8 /* Event_ZoneTests.swift */ = {isa = PBXFileReference; lastKnownFileType = sourcecode.swift; path = Event_ZoneTests.swift; sourceTree = "<group>"; };
		EF601BF81D0E828A00413FC8 /* Info.plist */ = {isa = PBXFileReference; lastKnownFileType = text.plist.xml; path = Info.plist; sourceTree = "<group>"; };
		EF601BFD1D0E828A00413FC8 /* Event ZoneUITests.xctest */ = {isa = PBXFileReference; explicitFileType = wrapper.cfbundle; includeInIndex = 0; path = "Event ZoneUITests.xctest"; sourceTree = BUILT_PRODUCTS_DIR; };
		EF601C011D0E828A00413FC8 /* Event_ZoneUITests.swift */ = {isa = PBXFileReference; lastKnownFileType = sourcecode.swift; path = Event_ZoneUITests.swift; sourceTree = "<group>"; };
		EF601C031D0E828A00413FC8 /* Info.plist */ = {isa = PBXFileReference; lastKnownFileType = text.plist.xml; path = Info.plist; sourceTree = "<group>"; };
		EF9621F91D3059A2005BF049 /* Model.xcdatamodel */ = {isa = PBXFileReference; lastKnownFileType = wrapper.xcdatamodel; path = Model.xcdatamodel; sourceTree = "<group>"; };
		EFB79E231D28E0CC00805559 /* GeoLocation.swift */ = {isa = PBXFileReference; fileEncoding = 4; lastKnownFileType = sourcecode.swift; path = GeoLocation.swift; sourceTree = "<group>"; };
		EFB79E251D297CD500805559 /* GoogleMapsAPI.swift */ = {isa = PBXFileReference; fileEncoding = 4; lastKnownFileType = sourcecode.swift; path = GoogleMapsAPI.swift; sourceTree = "<group>"; };
		EFBB4E951D32DDDA0009C9FF /* Event+CoreDataProperties.swift */ = {isa = PBXFileReference; fileEncoding = 4; lastKnownFileType = sourcecode.swift; path = "Event+CoreDataProperties.swift"; sourceTree = "<group>"; };
		EFBB4E961D32DDDA0009C9FF /* Event.swift */ = {isa = PBXFileReference; fileEncoding = 4; lastKnownFileType = sourcecode.swift; path = Event.swift; sourceTree = "<group>"; };
		EFBB4E971D32DDDA0009C9FF /* Location+CoreDataProperties.swift */ = {isa = PBXFileReference; fileEncoding = 4; lastKnownFileType = sourcecode.swift; path = "Location+CoreDataProperties.swift"; sourceTree = "<group>"; };
		EFBB4E981D32DDDA0009C9FF /* Location.swift */ = {isa = PBXFileReference; fileEncoding = 4; lastKnownFileType = sourcecode.swift; path = Location.swift; sourceTree = "<group>"; };
		EFBB4E9D1D346B030009C9FF /* EventListTableViewController.swift */ = {isa = PBXFileReference; fileEncoding = 4; lastKnownFileType = sourcecode.swift; path = EventListTableViewController.swift; sourceTree = "<group>"; };
		EFBB4E9F1D356FC60009C9FF /* CoreDataTableViewController.swift */ = {isa = PBXFileReference; fileEncoding = 4; lastKnownFileType = sourcecode.swift; path = CoreDataTableViewController.swift; sourceTree = "<group>"; };
		EFBB4EA11D3705E70009C9FF /* EventListTableViewControllerCell.swift */ = {isa = PBXFileReference; fileEncoding = 4; lastKnownFileType = sourcecode.swift; path = EventListTableViewControllerCell.swift; sourceTree = "<group>"; };
		EFE045221D1AF99F0038F048 /* EventDetailTableViewController.swift */ = {isa = PBXFileReference; fileEncoding = 4; lastKnownFileType = sourcecode.swift; path = EventDetailTableViewController.swift; sourceTree = "<group>"; };
/* End PBXFileReference section */

/* Begin PBXFrameworksBuildPhase section */
		EF601BDB1D0E828A00413FC8 /* Frameworks */ = {
			isa = PBXFrameworksBuildPhase;
			buildActionMask = 2147483647;
			files = (
			);
			runOnlyForDeploymentPostprocessing = 0;
		};
		EF601BEF1D0E828A00413FC8 /* Frameworks */ = {
			isa = PBXFrameworksBuildPhase;
			buildActionMask = 2147483647;
			files = (
			);
			runOnlyForDeploymentPostprocessing = 0;
		};
		EF601BFA1D0E828A00413FC8 /* Frameworks */ = {
			isa = PBXFrameworksBuildPhase;
			buildActionMask = 2147483647;
			files = (
			);
			runOnlyForDeploymentPostprocessing = 0;
		};
/* End PBXFrameworksBuildPhase section */

/* Begin PBXGroup section */
		EF601BD51D0E828A00413FC8 = {
			isa = PBXGroup;
			children = (
				EF601BE01D0E828A00413FC8 /* Event Zone */,
				EF601BF51D0E828A00413FC8 /* Event ZoneTests */,
				EF601C001D0E828A00413FC8 /* Event ZoneUITests */,
				EF601BDF1D0E828A00413FC8 /* Products */,
			);
			sourceTree = "<group>";
		};
		EF601BDF1D0E828A00413FC8 /* Products */ = {
			isa = PBXGroup;
			children = (
				EF601BDE1D0E828A00413FC8 /* Event Zone.app */,
				EF601BF21D0E828A00413FC8 /* Event ZoneTests.xctest */,
				EF601BFD1D0E828A00413FC8 /* Event ZoneUITests.xctest */,
			);
			name = Products;
			sourceTree = "<group>";
		};
		EF601BE01D0E828A00413FC8 /* Event Zone */ = {
			isa = PBXGroup;
			children = (
				EF7BB06D1D18912A000E687A /* Models */,
				EF7BB06C1D189121000E687A /* Controllers */,
				EF601BE11D0E828A00413FC8 /* AppDelegate.swift */,
				EF601BE51D0E828A00413FC8 /* Main.storyboard */,
				EF601BE81D0E828A00413FC8 /* Assets.xcassets */,
				EF601BEA1D0E828A00413FC8 /* LaunchScreen.storyboard */,
				EF601BED1D0E828A00413FC8 /* Info.plist */,
			);
			path = "Event Zone";
			sourceTree = "<group>";
		};
		EF601BF51D0E828A00413FC8 /* Event ZoneTests */ = {
			isa = PBXGroup;
			children = (
				EF601BF61D0E828A00413FC8 /* Event_ZoneTests.swift */,
				EF601BF81D0E828A00413FC8 /* Info.plist */,
			);
			path = "Event ZoneTests";
			sourceTree = "<group>";
		};
		EF601C001D0E828A00413FC8 /* Event ZoneUITests */ = {
			isa = PBXGroup;
			children = (
				EF601C011D0E828A00413FC8 /* Event_ZoneUITests.swift */,
				EF601C031D0E828A00413FC8 /* Info.plist */,
			);
			path = "Event ZoneUITests";
			sourceTree = "<group>";
		};
		EF7BB06C1D189121000E687A /* Controllers */ = {
			isa = PBXGroup;
			children = (
				EFBB4E9F1D356FC60009C9FF /* CoreDataTableViewController.swift */,
				EF5157A51D2469AA00AD9970 /* LocationSearchTable.swift */,
				EFE045221D1AF99F0038F048 /* EventDetailTableViewController.swift */,
				EFBB4E9D1D346B030009C9FF /* EventListTableViewController.swift */,
				EFBB4EA11D3705E70009C9FF /* EventListTableViewControllerCell.swift */,
			);
			name = Controllers;
			sourceTree = "<group>";
		};
		EF7BB06D1D18912A000E687A /* Models */ = {
			isa = PBXGroup;
			children = (
				EFBB4E951D32DDDA0009C9FF /* Event+CoreDataProperties.swift */,
				EFBB4E961D32DDDA0009C9FF /* Event.swift */,
				EFBB4E971D32DDDA0009C9FF /* Location+CoreDataProperties.swift */,
				EFBB4E981D32DDDA0009C9FF /* Location.swift */,
				EF1BF83D1D496414004C0286 /* CoreDataStack.swift */,
				EF1BF83B1D4963E2004C0286 /* Event Zone */,
				EF5157671D208C7300AD9970 /* DateTime.swift */,
				EFB79E231D28E0CC00805559 /* GeoLocation.swift */,
				EFB79E251D297CD500805559 /* GoogleMapsAPI.swift */,
				EF9621F81D3059A2005BF049 /* Model.xcdatamodeld */,
			);
			name = Models;
			sourceTree = "<group>";
		};
/* End PBXGroup section */

/* Begin PBXNativeTarget section */
		EF601BDD1D0E828A00413FC8 /* Event Zone */ = {
			isa = PBXNativeTarget;
			buildConfigurationList = EF601C061D0E828A00413FC8 /* Build configuration list for PBXNativeTarget "Event Zone" */;
			buildPhases = (
				EF601BDA1D0E828A00413FC8 /* Sources */,
				EF601BDB1D0E828A00413FC8 /* Frameworks */,
				EF601BDC1D0E828A00413FC8 /* Resources */,
			);
			buildRules = (
			);
			dependencies = (
			);
			name = "Event Zone";
			productName = "Event Zone";
			productReference = EF601BDE1D0E828A00413FC8 /* Event Zone.app */;
			productType = "com.apple.product-type.application";
		};
		EF601BF11D0E828A00413FC8 /* Event ZoneTests */ = {
			isa = PBXNativeTarget;
			buildConfigurationList = EF601C091D0E828A00413FC8 /* Build configuration list for PBXNativeTarget "Event ZoneTests" */;
			buildPhases = (
				EF601BEE1D0E828A00413FC8 /* Sources */,
				EF601BEF1D0E828A00413FC8 /* Frameworks */,
				EF601BF01D0E828A00413FC8 /* Resources */,
			);
			buildRules = (
			);
			dependencies = (
				EF601BF41D0E828A00413FC8 /* PBXTargetDependency */,
			);
			name = "Event ZoneTests";
			productName = "Event ZoneTests";
			productReference = EF601BF21D0E828A00413FC8 /* Event ZoneTests.xctest */;
			productType = "com.apple.product-type.bundle.unit-test";
		};
		EF601BFC1D0E828A00413FC8 /* Event ZoneUITests */ = {
			isa = PBXNativeTarget;
			buildConfigurationList = EF601C0C1D0E828A00413FC8 /* Build configuration list for PBXNativeTarget "Event ZoneUITests" */;
			buildPhases = (
				EF601BF91D0E828A00413FC8 /* Sources */,
				EF601BFA1D0E828A00413FC8 /* Frameworks */,
				EF601BFB1D0E828A00413FC8 /* Resources */,
			);
			buildRules = (
			);
			dependencies = (
				EF601BFF1D0E828A00413FC8 /* PBXTargetDependency */,
			);
			name = "Event ZoneUITests";
			productName = "Event ZoneUITests";
			productReference = EF601BFD1D0E828A00413FC8 /* Event ZoneUITests.xctest */;
			productType = "com.apple.product-type.bundle.ui-testing";
		};
/* End PBXNativeTarget section */

/* Begin PBXProject section */
		EF601BD61D0E828A00413FC8 /* Project object */ = {
			isa = PBXProject;
			attributes = {
				LastSwiftUpdateCheck = 0730;
				LastUpgradeCheck = 0730;
				ORGANIZATIONNAME = "Long Wang";
				TargetAttributes = {
					EF601BDD1D0E828A00413FC8 = {
						CreatedOnToolsVersion = 7.3.1;
					};
					EF601BF11D0E828A00413FC8 = {
						CreatedOnToolsVersion = 7.3.1;
						TestTargetID = EF601BDD1D0E828A00413FC8;
					};
					EF601BFC1D0E828A00413FC8 = {
						CreatedOnToolsVersion = 7.3.1;
						TestTargetID = EF601BDD1D0E828A00413FC8;
					};
				};
			};
			buildConfigurationList = EF601BD91D0E828A00413FC8 /* Build configuration list for PBXProject "Event Zone" */;
			compatibilityVersion = "Xcode 3.2";
			developmentRegion = English;
			hasScannedForEncodings = 0;
			knownRegions = (
				en,
				Base,
			);
			mainGroup = EF601BD51D0E828A00413FC8;
			productRefGroup = EF601BDF1D0E828A00413FC8 /* Products */;
			projectDirPath = "";
			projectRoot = "";
			targets = (
				EF601BDD1D0E828A00413FC8 /* Event Zone */,
				EF601BF11D0E828A00413FC8 /* Event ZoneTests */,
				EF601BFC1D0E828A00413FC8 /* Event ZoneUITests */,
			);
		};
/* End PBXProject section */

/* Begin PBXResourcesBuildPhase section */
		EF601BDC1D0E828A00413FC8 /* Resources */ = {
			isa = PBXResourcesBuildPhase;
			buildActionMask = 2147483647;
			files = (
				EF1BF83C1D4963E2004C0286 /* Event Zone in Resources */,
				EF601BEC1D0E828A00413FC8 /* LaunchScreen.storyboard in Resources */,
				EF601BE91D0E828A00413FC8 /* Assets.xcassets in Resources */,
				EF601BE71D0E828A00413FC8 /* Main.storyboard in Resources */,
			);
			runOnlyForDeploymentPostprocessing = 0;
		};
		EF601BF01D0E828A00413FC8 /* Resources */ = {
			isa = PBXResourcesBuildPhase;
			buildActionMask = 2147483647;
			files = (
			);
			runOnlyForDeploymentPostprocessing = 0;
		};
		EF601BFB1D0E828A00413FC8 /* Resources */ = {
			isa = PBXResourcesBuildPhase;
			buildActionMask = 2147483647;
			files = (
			);
			runOnlyForDeploymentPostprocessing = 0;
		};
/* End PBXResourcesBuildPhase section */

/* Begin PBXSourcesBuildPhase section */
		EF601BDA1D0E828A00413FC8 /* Sources */ = {
			isa = PBXSourcesBuildPhase;
			buildActionMask = 2147483647;
			files = (
				EFBB4E991D32DDDA0009C9FF /* Event+CoreDataProperties.swift in Sources */,
				EFBB4E9A1D32DDDA0009C9FF /* Event.swift in Sources */,
				EFB79E241D28E0CC00805559 /* GeoLocation.swift in Sources */,
				EFB79E261D297CD500805559 /* GoogleMapsAPI.swift in Sources */,
				EF5157A61D2469AA00AD9970 /* LocationSearchTable.swift in Sources */,
				EFBB4EA21D3705E70009C9FF /* EventListTableViewControllerCell.swift in Sources */,
				EFBB4E9E1D346B030009C9FF /* EventListTableViewController.swift in Sources */,
				EF1BF83E1D496414004C0286 /* CoreDataStack.swift in Sources */,
				EFBB4E9C1D32DDDA0009C9FF /* Location.swift in Sources */,
				EFBB4EA01D356FC60009C9FF /* CoreDataTableViewController.swift in Sources */,
				EFE045241D1AF99F0038F048 /* EventDetailTableViewController.swift in Sources */,
				EF5157681D208C7300AD9970 /* DateTime.swift in Sources */,
				EFBB4E9B1D32DDDA0009C9FF /* Location+CoreDataProperties.swift in Sources */,
				EF601BE21D0E828A00413FC8 /* AppDelegate.swift in Sources */,
				EF9621FA1D3059A2005BF049 /* Model.xcdatamodeld in Sources */,
			);
			runOnlyForDeploymentPostprocessing = 0;
		};
		EF601BEE1D0E828A00413FC8 /* Sources */ = {
			isa = PBXSourcesBuildPhase;
			buildActionMask = 2147483647;
			files = (
				EF601BF71D0E828A00413FC8 /* Event_ZoneTests.swift in Sources */,
			);
			runOnlyForDeploymentPostprocessing = 0;
		};
		EF601BF91D0E828A00413FC8 /* Sources */ = {
			isa = PBXSourcesBuildPhase;
			buildActionMask = 2147483647;
			files = (
				EF601C021D0E828A00413FC8 /* Event_ZoneUITests.swift in Sources */,
			);
			runOnlyForDeploymentPostprocessing = 0;
		};
/* End PBXSourcesBuildPhase section */

/* Begin PBXTargetDependency section */
		EF601BF41D0E828A00413FC8 /* PBXTargetDependency */ = {
			isa = PBXTargetDependency;
			target = EF601BDD1D0E828A00413FC8 /* Event Zone */;
			targetProxy = EF601BF31D0E828A00413FC8 /* PBXContainerItemProxy */;
		};
		EF601BFF1D0E828A00413FC8 /* PBXTargetDependency */ = {
			isa = PBXTargetDependency;
			target = EF601BDD1D0E828A00413FC8 /* Event Zone */;
			targetProxy = EF601BFE1D0E828A00413FC8 /* PBXContainerItemProxy */;
		};
/* End PBXTargetDependency section */

/* Begin PBXVariantGroup section */
		EF601BE51D0E828A00413FC8 /* Main.storyboard */ = {
			isa = PBXVariantGroup;
			children = (
				EF601BE61D0E828A00413FC8 /* Base */,
			);
			name = Main.storyboard;
			sourceTree = "<group>";
		};
		EF601BEA1D0E828A00413FC8 /* LaunchScreen.storyboard */ = {
			isa = PBXVariantGroup;
			children = (
				EF601BEB1D0E828A00413FC8 /* Base */,
			);
			name = LaunchScreen.storyboard;
			sourceTree = "<group>";
		};
/* End PBXVariantGroup section */

/* Begin XCBuildConfiguration section */
		EF601C041D0E828A00413FC8 /* Debug */ = {
			isa = XCBuildConfiguration;
			buildSettings = {
				ALWAYS_SEARCH_USER_PATHS = NO;
				CLANG_ANALYZER_NONNULL = YES;
				CLANG_CXX_LANGUAGE_STANDARD = "gnu++0x";
				CLANG_CXX_LIBRARY = "libc++";
				CLANG_ENABLE_MODULES = YES;
				CLANG_ENABLE_OBJC_ARC = YES;
				CLANG_WARN_BOOL_CONVERSION = YES;
				CLANG_WARN_CONSTANT_CONVERSION = YES;
				CLANG_WARN_DIRECT_OBJC_ISA_USAGE = YES_ERROR;
				CLANG_WARN_EMPTY_BODY = YES;
				CLANG_WARN_ENUM_CONVERSION = YES;
				CLANG_WARN_INT_CONVERSION = YES;
				CLANG_WARN_OBJC_ROOT_CLASS = YES_ERROR;
				CLANG_WARN_UNREACHABLE_CODE = YES;
				CLANG_WARN__DUPLICATE_METHOD_MATCH = YES;
				"CODE_SIGN_IDENTITY[sdk=iphoneos*]" = "iPhone Developer";
				COPY_PHASE_STRIP = NO;
				DEBUG_INFORMATION_FORMAT = dwarf;
				ENABLE_STRICT_OBJC_MSGSEND = YES;
				ENABLE_TESTABILITY = YES;
				GCC_C_LANGUAGE_STANDARD = gnu99;
				GCC_DYNAMIC_NO_PIC = NO;
				GCC_NO_COMMON_BLOCKS = YES;
				GCC_OPTIMIZATION_LEVEL = 0;
				GCC_PREPROCESSOR_DEFINITIONS = (
					"DEBUG=1",
					"$(inherited)",
				);
				GCC_WARN_64_TO_32_BIT_CONVERSION = YES;
				GCC_WARN_ABOUT_RETURN_TYPE = YES_ERROR;
				GCC_WARN_UNDECLARED_SELECTOR = YES;
				GCC_WARN_UNINITIALIZED_AUTOS = YES_AGGRESSIVE;
				GCC_WARN_UNUSED_FUNCTION = YES;
				GCC_WARN_UNUSED_VARIABLE = YES;
				IPHONEOS_DEPLOYMENT_TARGET = 9.3;
				MTL_ENABLE_DEBUG_INFO = YES;
				ONLY_ACTIVE_ARCH = YES;
				SDKROOT = iphoneos;
				SWIFT_OPTIMIZATION_LEVEL = "-Onone";
			};
			name = Debug;
		};
		EF601C051D0E828A00413FC8 /* Release */ = {
			isa = XCBuildConfiguration;
			buildSettings = {
				ALWAYS_SEARCH_USER_PATHS = NO;
				CLANG_ANALYZER_NONNULL = YES;
				CLANG_CXX_LANGUAGE_STANDARD = "gnu++0x";
				CLANG_CXX_LIBRARY = "libc++";
				CLANG_ENABLE_MODULES = YES;
				CLANG_ENABLE_OBJC_ARC = YES;
				CLANG_WARN_BOOL_CONVERSION = YES;
				CLANG_WARN_CONSTANT_CONVERSION = YES;
				CLANG_WARN_DIRECT_OBJC_ISA_USAGE = YES_ERROR;
				CLANG_WARN_EMPTY_BODY = YES;
				CLANG_WARN_ENUM_CONVERSION = YES;
				CLANG_WARN_INT_CONVERSION = YES;
				CLANG_WARN_OBJC_ROOT_CLASS = YES_ERROR;
				CLANG_WARN_UNREACHABLE_CODE = YES;
				CLANG_WARN__DUPLICATE_METHOD_MATCH = YES;
				"CODE_SIGN_IDENTITY[sdk=iphoneos*]" = "iPhone Developer";
				COPY_PHASE_STRIP = NO;
				DEBUG_INFORMATION_FORMAT = "dwarf-with-dsym";
				ENABLE_NS_ASSERTIONS = NO;
				ENABLE_STRICT_OBJC_MSGSEND = YES;
				GCC_C_LANGUAGE_STANDARD = gnu99;
				GCC_NO_COMMON_BLOCKS = YES;
				GCC_WARN_64_TO_32_BIT_CONVERSION = YES;
				GCC_WARN_ABOUT_RETURN_TYPE = YES_ERROR;
				GCC_WARN_UNDECLARED_SELECTOR = YES;
				GCC_WARN_UNINITIALIZED_AUTOS = YES_AGGRESSIVE;
				GCC_WARN_UNUSED_FUNCTION = YES;
				GCC_WARN_UNUSED_VARIABLE = YES;
				IPHONEOS_DEPLOYMENT_TARGET = 9.3;
				MTL_ENABLE_DEBUG_INFO = NO;
				SDKROOT = iphoneos;
				VALIDATE_PRODUCT = YES;
			};
			name = Release;
		};
		EF601C071D0E828A00413FC8 /* Debug */ = {
			isa = XCBuildConfiguration;
			buildSettings = {
				ASSETCATALOG_COMPILER_APPICON_NAME = AppIcon;
				INFOPLIST_FILE = "Event Zone/Info.plist";
				LD_RUNPATH_SEARCH_PATHS = "$(inherited) @executable_path/Frameworks";
				PRODUCT_BUNDLE_IDENTIFIER = "wanglong.Event-Zone";
				PRODUCT_NAME = "$(TARGET_NAME)";
				TARGETED_DEVICE_FAMILY = "1,2";
			};
			name = Debug;
		};
		EF601C081D0E828A00413FC8 /* Release */ = {
			isa = XCBuildConfiguration;
			buildSettings = {
				ASSETCATALOG_COMPILER_APPICON_NAME = AppIcon;
				INFOPLIST_FILE = "Event Zone/Info.plist";
				LD_RUNPATH_SEARCH_PATHS = "$(inherited) @executable_path/Frameworks";
				PRODUCT_BUNDLE_IDENTIFIER = "wanglong.Event-Zone";
				PRODUCT_NAME = "$(TARGET_NAME)";
				TARGETED_DEVICE_FAMILY = "1,2";
			};
			name = Release;
		};
		EF601C0A1D0E828A00413FC8 /* Debug */ = {
			isa = XCBuildConfiguration;
			buildSettings = {
				BUNDLE_LOADER = "$(TEST_HOST)";
				INFOPLIST_FILE = "Event ZoneTests/Info.plist";
				LD_RUNPATH_SEARCH_PATHS = "$(inherited) @executable_path/Frameworks @loader_path/Frameworks";
				PRODUCT_BUNDLE_IDENTIFIER = "wanglong.Event-ZoneTests";
				PRODUCT_NAME = "$(TARGET_NAME)";
				TEST_HOST = "$(BUILT_PRODUCTS_DIR)/Event Zone.app/Event Zone";
			};
			name = Debug;
		};
		EF601C0B1D0E828A00413FC8 /* Release */ = {
			isa = XCBuildConfiguration;
			buildSettings = {
				BUNDLE_LOADER = "$(TEST_HOST)";
				INFOPLIST_FILE = "Event ZoneTests/Info.plist";
				LD_RUNPATH_SEARCH_PATHS = "$(inherited) @executable_path/Frameworks @loader_path/Frameworks";
				PRODUCT_BUNDLE_IDENTIFIER = "wanglong.Event-ZoneTests";
				PRODUCT_NAME = "$(TARGET_NAME)";
				TEST_HOST = "$(BUILT_PRODUCTS_DIR)/Event Zone.app/Event Zone";
			};
			name = Release;
		};
		EF601C0D1D0E828A00413FC8 /* Debug */ = {
			isa = XCBuildConfiguration;
			buildSettings = {
				INFOPLIST_FILE = "Event ZoneUITests/Info.plist";
				LD_RUNPATH_SEARCH_PATHS = "$(inherited) @executable_path/Frameworks @loader_path/Frameworks";
				PRODUCT_BUNDLE_IDENTIFIER = "wanglong.Event-ZoneUITests";
				PRODUCT_NAME = "$(TARGET_NAME)";
				TEST_TARGET_NAME = "Event Zone";
			};
			name = Debug;
		};
		EF601C0E1D0E828A00413FC8 /* Release */ = {
			isa = XCBuildConfiguration;
			buildSettings = {
				INFOPLIST_FILE = "Event ZoneUITests/Info.plist";
				LD_RUNPATH_SEARCH_PATHS = "$(inherited) @executable_path/Frameworks @loader_path/Frameworks";
				PRODUCT_BUNDLE_IDENTIFIER = "wanglong.Event-ZoneUITests";
				PRODUCT_NAME = "$(TARGET_NAME)";
				TEST_TARGET_NAME = "Event Zone";
			};
			name = Release;
		};
/* End XCBuildConfiguration section */

/* Begin XCConfigurationList section */
		EF601BD91D0E828A00413FC8 /* Build configuration list for PBXProject "Event Zone" */ = {
			isa = XCConfigurationList;
			buildConfigurations = (
				EF601C041D0E828A00413FC8 /* Debug */,
				EF601C051D0E828A00413FC8 /* Release */,
			);
			defaultConfigurationIsVisible = 0;
			defaultConfigurationName = Release;
		};
		EF601C061D0E828A00413FC8 /* Build configuration list for PBXNativeTarget "Event Zone" */ = {
			isa = XCConfigurationList;
			buildConfigurations = (
				EF601C071D0E828A00413FC8 /* Debug */,
				EF601C081D0E828A00413FC8 /* Release */,
			);
			defaultConfigurationIsVisible = 0;
			defaultConfigurationName = Release;
		};
		EF601C091D0E828A00413FC8 /* Build configuration list for PBXNativeTarget "Event ZoneTests" */ = {
			isa = XCConfigurationList;
			buildConfigurations = (
				EF601C0A1D0E828A00413FC8 /* Debug */,
				EF601C0B1D0E828A00413FC8 /* Release */,
			);
			defaultConfigurationIsVisible = 0;
			defaultConfigurationName = Release;
		};
		EF601C0C1D0E828A00413FC8 /* Build configuration list for PBXNativeTarget "Event ZoneUITests" */ = {
			isa = XCConfigurationList;
			buildConfigurations = (
				EF601C0D1D0E828A00413FC8 /* Debug */,
				EF601C0E1D0E828A00413FC8 /* Release */,
			);
			defaultConfigurationIsVisible = 0;
			defaultConfigurationName = Release;
		};
/* End XCConfigurationList section */

/* Begin XCVersionGroup section */
		EF9621F81D3059A2005BF049 /* Model.xcdatamodeld */ = {
			isa = XCVersionGroup;
			children = (
				EF9621F91D3059A2005BF049 /* Model.xcdatamodel */,
			);
			currentVersion = EF9621F91D3059A2005BF049 /* Model.xcdatamodel */;
			path = Model.xcdatamodeld;
			sourceTree = "<group>";
			versionGroupType = wrapper.xcdatamodel;
		};
/* End XCVersionGroup section */
	};
	rootObject = EF601BD61D0E828A00413FC8 /* Project object */;
}
